// !$*UTF8*$!
{
	archiveVersion = 1;
	classes = {
	};
	objectVersion = 55;
	objects = {

/* Begin PBXBuildFile section */
		4806FF8A28EF06A100B31A72 /* CoreDataManager.swift in Sources */ = {isa = PBXBuildFile; fileRef = 4806FF8928EF06A100B31A72 /* CoreDataManager.swift */; };
		4806FF8C28EF111E00B31A72 /* BookmarksEntity.swift in Sources */ = {isa = PBXBuildFile; fileRef = 4806FF8B28EF111E00B31A72 /* BookmarksEntity.swift */; };
		4806FF8E28EF112D00B31A72 /* BookmarksModel.swift in Sources */ = {isa = PBXBuildFile; fileRef = 4806FF8D28EF112D00B31A72 /* BookmarksModel.swift */; };
		4806FF9028EF113A00B31A72 /* BookmarksViewModel.swift in Sources */ = {isa = PBXBuildFile; fileRef = 4806FF8F28EF113A00B31A72 /* BookmarksViewModel.swift */; };
		480891CD28EAD6BF000D7366 /* Kingfisher in Frameworks */ = {isa = PBXBuildFile; productRef = 480891CC28EAD6BF000D7366 /* Kingfisher */; };
		480891D028EAD8AD000D7366 /* ArticleCollectionView.swift in Sources */ = {isa = PBXBuildFile; fileRef = 480891CF28EAD8AD000D7366 /* ArticleCollectionView.swift */; };
		480891D328EADA9D000D7366 /* DetailViewController.swift in Sources */ = {isa = PBXBuildFile; fileRef = 480891D228EADA9D000D7366 /* DetailViewController.swift */; };
		480891D528EADABE000D7366 /* DetailView.storyboard in Resources */ = {isa = PBXBuildFile; fileRef = 480891D428EADABE000D7366 /* DetailView.storyboard */; };
		48146B6C28EC185100C8400C /* HotelModel.swift in Sources */ = {isa = PBXBuildFile; fileRef = 48146B6B28EC185100C8400C /* HotelModel.swift */; };
		48146B6E28EC186300C8400C /* HotelEntity.swift in Sources */ = {isa = PBXBuildFile; fileRef = 48146B6D28EC186300C8400C /* HotelEntity.swift */; };
		48146B7028EC19B300C8400C /* HotelViewModel.swift in Sources */ = {isa = PBXBuildFile; fileRef = 48146B6F28EC19B300C8400C /* HotelViewModel.swift */; };
		48146B7228EC1D3000C8400C /* ViewControllerConstant.swift in Sources */ = {isa = PBXBuildFile; fileRef = 48146B7128EC1D3000C8400C /* ViewControllerConstant.swift */; };
		48146B7428EC1EF800C8400C /* ListViewModel.swift in Sources */ = {isa = PBXBuildFile; fileRef = 48146B7328EC1EF800C8400C /* ListViewModel.swift */; };
		48146B7628EC450F00C8400C /* ListEntity.swift in Sources */ = {isa = PBXBuildFile; fileRef = 48146B7528EC450F00C8400C /* ListEntity.swift */; };
		48146B7928EC970200C8400C /* DetailViewModel.swift in Sources */ = {isa = PBXBuildFile; fileRef = 48146B7828EC970200C8400C /* DetailViewModel.swift */; };
		48146B7C28EC994600C8400C /* DetailEntity.swift in Sources */ = {isa = PBXBuildFile; fileRef = 48146B7B28EC994600C8400C /* DetailEntity.swift */; };
		48146B7E28EC9D3F00C8400C /* FlightModel.swift in Sources */ = {isa = PBXBuildFile; fileRef = 48146B7D28EC9D3F00C8400C /* FlightModel.swift */; };
		48146B8028EC9D4C00C8400C /* FlightEntity.swift in Sources */ = {isa = PBXBuildFile; fileRef = 48146B7F28EC9D4C00C8400C /* FlightEntity.swift */; };
		48146B8228ECAECD00C8400C /* FlightViewModel.swift in Sources */ = {isa = PBXBuildFile; fileRef = 48146B8128ECAECD00C8400C /* FlightViewModel.swift */; };
		4818DDD428E7030A00A0F33F /* ArticleCollectionViewCell.swift in Sources */ = {isa = PBXBuildFile; fileRef = 4818DDD228E7030A00A0F33F /* ArticleCollectionViewCell.swift */; };
		4818DDD528E7030A00A0F33F /* ArticleCollectionViewCell.xib in Resources */ = {isa = PBXBuildFile; fileRef = 4818DDD328E7030A00A0F33F /* ArticleCollectionViewCell.xib */; };
		4818DDD728E744D400A0F33F /* HomeModel.swift in Sources */ = {isa = PBXBuildFile; fileRef = 4818DDD628E744D400A0F33F /* HomeModel.swift */; };
		4818DDDB28E744FA00A0F33F /* HomeViewModel.swift in Sources */ = {isa = PBXBuildFile; fileRef = 4818DDDA28E744FA00A0F33F /* HomeViewModel.swift */; };
		4818DDDE28E7455700A0F33F /* ServiceManager.swift in Sources */ = {isa = PBXBuildFile; fileRef = 4818DDDD28E7455700A0F33F /* ServiceManager.swift */; };
		4818DDE128E781CC00A0F33F /* Alamofire in Frameworks */ = {isa = PBXBuildFile; productRef = 4818DDE028E781CC00A0F33F /* Alamofire */; };
		4818DDE728E78D5D00A0F33F /* ListViewController.swift in Sources */ = {isa = PBXBuildFile; fileRef = 4818DDE628E78D5D00A0F33F /* ListViewController.swift */; };
		4818DDEE28E78E8400A0F33F /* GlobalTableViewCell.swift in Sources */ = {isa = PBXBuildFile; fileRef = 4818DDEC28E78E8400A0F33F /* GlobalTableViewCell.swift */; };
		4818DDEF28E78E8400A0F33F /* GlobalTableViewCell.xib in Resources */ = {isa = PBXBuildFile; fileRef = 4818DDED28E78E8400A0F33F /* GlobalTableViewCell.xib */; };
		4827613928E30FC300DFD0EC /* AppDelegate.swift in Sources */ = {isa = PBXBuildFile; fileRef = 4827613828E30FC300DFD0EC /* AppDelegate.swift */; };
		4827613B28E30FC300DFD0EC /* SceneDelegate.swift in Sources */ = {isa = PBXBuildFile; fileRef = 4827613A28E30FC300DFD0EC /* SceneDelegate.swift */; };
		4827614328E30FC300DFD0EC /* TravelGuideApp.xcdatamodeld in Sources */ = {isa = PBXBuildFile; fileRef = 4827614128E30FC300DFD0EC /* TravelGuideApp.xcdatamodeld */; };
		4827614528E30FC700DFD0EC /* Assets.xcassets in Resources */ = {isa = PBXBuildFile; fileRef = 4827614428E30FC700DFD0EC /* Assets.xcassets */; };
		4827614828E30FC700DFD0EC /* LaunchScreen.storyboard in Resources */ = {isa = PBXBuildFile; fileRef = 4827614628E30FC700DFD0EC /* LaunchScreen.storyboard */; };
		4827615628E31C3400DFD0EC /* TabBarViewController.swift in Sources */ = {isa = PBXBuildFile; fileRef = 4827615528E31C3400DFD0EC /* TabBarViewController.swift */; };
		4827615E28E31CFD00DFD0EC /* HomeViewController.swift in Sources */ = {isa = PBXBuildFile; fileRef = 4827615C28E31CFD00DFD0EC /* HomeViewController.swift */; };
		4827616128E31DB900DFD0EC /* HomeView.storyboard in Resources */ = {isa = PBXBuildFile; fileRef = 4827616028E31DB900DFD0EC /* HomeView.storyboard */; };
		4827616428E3205B00DFD0EC /* TabBarView.storyboard in Resources */ = {isa = PBXBuildFile; fileRef = 4827616328E3205B00DFD0EC /* TabBarView.storyboard */; };
		4827616E28E321A000DFD0EC /* BookmarksViewController.swift in Sources */ = {isa = PBXBuildFile; fileRef = 4827616D28E321A000DFD0EC /* BookmarksViewController.swift */; };
		4827617028E321B100DFD0EC /* BookmarksView.storyboard in Resources */ = {isa = PBXBuildFile; fileRef = 4827616F28E321B100DFD0EC /* BookmarksView.storyboard */; };
		4827617228E321F400DFD0EC /* SearchView.storyboard in Resources */ = {isa = PBXBuildFile; fileRef = 4827617128E321F400DFD0EC /* SearchView.storyboard */; };
		4827617428E3221300DFD0EC /* SearchViewController.swift in Sources */ = {isa = PBXBuildFile; fileRef = 4827617328E3221300DFD0EC /* SearchViewController.swift */; };
		4830C21128EDA46C005CD309 /* SearchViewModel.swift in Sources */ = {isa = PBXBuildFile; fileRef = 4830C21028EDA46B005CD309 /* SearchViewModel.swift */; };
		4875F93E28E9FFC900370A82 /* ArticleEntity.swift in Sources */ = {isa = PBXBuildFile; fileRef = 4875F93D28E9FFC900370A82 /* ArticleEntity.swift */; };
		4875F94028E9FFFF00370A82 /* ArticleCellEntity.swift in Sources */ = {isa = PBXBuildFile; fileRef = 4875F93F28E9FFFF00370A82 /* ArticleCellEntity.swift */; };
		4875F94428EA03BD00370A82 /* Constant.swift in Sources */ = {isa = PBXBuildFile; fileRef = 4875F94328EA03BD00370A82 /* Constant.swift */; };
		4875F94628EA03CF00370A82 /* ServiceConstant.swift in Sources */ = {isa = PBXBuildFile; fileRef = 4875F94528EA03CF00370A82 /* ServiceConstant.swift */; };
		48A3EC9228E8772F000AFB4C /* ListView.storyboard in Resources */ = {isa = PBXBuildFile; fileRef = 48A3EC9128E8772F000AFB4C /* ListView.storyboard */; };
/* End PBXBuildFile section */

/* Begin PBXFileReference section */
		4806FF8928EF06A100B31A72 /* CoreDataManager.swift */ = {isa = PBXFileReference; lastKnownFileType = sourcecode.swift; path = CoreDataManager.swift; sourceTree = "<group>"; };
		4806FF8B28EF111E00B31A72 /* BookmarksEntity.swift */ = {isa = PBXFileReference; lastKnownFileType = sourcecode.swift; path = BookmarksEntity.swift; sourceTree = "<group>"; };
		4806FF8D28EF112D00B31A72 /* BookmarksModel.swift */ = {isa = PBXFileReference; lastKnownFileType = sourcecode.swift; path = BookmarksModel.swift; sourceTree = "<group>"; };
		4806FF8F28EF113A00B31A72 /* BookmarksViewModel.swift */ = {isa = PBXFileReference; lastKnownFileType = sourcecode.swift; path = BookmarksViewModel.swift; sourceTree = "<group>"; };
		480891CF28EAD8AD000D7366 /* ArticleCollectionView.swift */ = {isa = PBXFileReference; lastKnownFileType = sourcecode.swift; path = ArticleCollectionView.swift; sourceTree = "<group>"; };
		480891D228EADA9D000D7366 /* DetailViewController.swift */ = {isa = PBXFileReference; lastKnownFileType = sourcecode.swift; path = DetailViewController.swift; sourceTree = "<group>"; };
		480891D428EADABE000D7366 /* DetailView.storyboard */ = {isa = PBXFileReference; lastKnownFileType = file.storyboard; path = DetailView.storyboard; sourceTree = "<group>"; };
		48146B6B28EC185100C8400C /* HotelModel.swift */ = {isa = PBXFileReference; lastKnownFileType = sourcecode.swift; path = HotelModel.swift; sourceTree = "<group>"; };
		48146B6D28EC186300C8400C /* HotelEntity.swift */ = {isa = PBXFileReference; lastKnownFileType = sourcecode.swift; path = HotelEntity.swift; sourceTree = "<group>"; };
		48146B6F28EC19B300C8400C /* HotelViewModel.swift */ = {isa = PBXFileReference; lastKnownFileType = sourcecode.swift; path = HotelViewModel.swift; sourceTree = "<group>"; };
		48146B7128EC1D3000C8400C /* ViewControllerConstant.swift */ = {isa = PBXFileReference; lastKnownFileType = sourcecode.swift; path = ViewControllerConstant.swift; sourceTree = "<group>"; };
		48146B7328EC1EF800C8400C /* ListViewModel.swift */ = {isa = PBXFileReference; lastKnownFileType = sourcecode.swift; path = ListViewModel.swift; sourceTree = "<group>"; };
		48146B7528EC450F00C8400C /* ListEntity.swift */ = {isa = PBXFileReference; lastKnownFileType = sourcecode.swift; path = ListEntity.swift; sourceTree = "<group>"; };
		48146B7828EC970200C8400C /* DetailViewModel.swift */ = {isa = PBXFileReference; lastKnownFileType = sourcecode.swift; path = DetailViewModel.swift; sourceTree = "<group>"; };
		48146B7B28EC994600C8400C /* DetailEntity.swift */ = {isa = PBXFileReference; lastKnownFileType = sourcecode.swift; path = DetailEntity.swift; sourceTree = "<group>"; };
		48146B7D28EC9D3F00C8400C /* FlightModel.swift */ = {isa = PBXFileReference; lastKnownFileType = sourcecode.swift; path = FlightModel.swift; sourceTree = "<group>"; };
		48146B7F28EC9D4C00C8400C /* FlightEntity.swift */ = {isa = PBXFileReference; lastKnownFileType = sourcecode.swift; path = FlightEntity.swift; sourceTree = "<group>"; };
		48146B8128ECAECD00C8400C /* FlightViewModel.swift */ = {isa = PBXFileReference; lastKnownFileType = sourcecode.swift; path = FlightViewModel.swift; sourceTree = "<group>"; };
		4818DDD228E7030A00A0F33F /* ArticleCollectionViewCell.swift */ = {isa = PBXFileReference; lastKnownFileType = sourcecode.swift; path = ArticleCollectionViewCell.swift; sourceTree = "<group>"; };
		4818DDD328E7030A00A0F33F /* ArticleCollectionViewCell.xib */ = {isa = PBXFileReference; lastKnownFileType = file.xib; path = ArticleCollectionViewCell.xib; sourceTree = "<group>"; };
		4818DDD628E744D400A0F33F /* HomeModel.swift */ = {isa = PBXFileReference; lastKnownFileType = sourcecode.swift; path = HomeModel.swift; sourceTree = "<group>"; };
		4818DDDA28E744FA00A0F33F /* HomeViewModel.swift */ = {isa = PBXFileReference; lastKnownFileType = sourcecode.swift; path = HomeViewModel.swift; sourceTree = "<group>"; };
		4818DDDD28E7455700A0F33F /* ServiceManager.swift */ = {isa = PBXFileReference; lastKnownFileType = sourcecode.swift; path = ServiceManager.swift; sourceTree = "<group>"; };
		4818DDE628E78D5D00A0F33F /* ListViewController.swift */ = {isa = PBXFileReference; lastKnownFileType = sourcecode.swift; path = ListViewController.swift; sourceTree = "<group>"; };
		4818DDEC28E78E8400A0F33F /* GlobalTableViewCell.swift */ = {isa = PBXFileReference; lastKnownFileType = sourcecode.swift; path = GlobalTableViewCell.swift; sourceTree = "<group>"; };
		4818DDED28E78E8400A0F33F /* GlobalTableViewCell.xib */ = {isa = PBXFileReference; lastKnownFileType = file.xib; path = GlobalTableViewCell.xib; sourceTree = "<group>"; };
		4827613528E30FC300DFD0EC /* TravelGuideApp.app */ = {isa = PBXFileReference; explicitFileType = wrapper.application; includeInIndex = 0; path = TravelGuideApp.app; sourceTree = BUILT_PRODUCTS_DIR; };
		4827613828E30FC300DFD0EC /* AppDelegate.swift */ = {isa = PBXFileReference; lastKnownFileType = sourcecode.swift; path = AppDelegate.swift; sourceTree = "<group>"; };
		4827613A28E30FC300DFD0EC /* SceneDelegate.swift */ = {isa = PBXFileReference; lastKnownFileType = sourcecode.swift; path = SceneDelegate.swift; sourceTree = "<group>"; };
		4827614228E30FC300DFD0EC /* TravelGuideApp.xcdatamodel */ = {isa = PBXFileReference; lastKnownFileType = wrapper.xcdatamodel; path = TravelGuideApp.xcdatamodel; sourceTree = "<group>"; };
		4827614428E30FC700DFD0EC /* Assets.xcassets */ = {isa = PBXFileReference; lastKnownFileType = folder.assetcatalog; name = Assets.xcassets; path = "/Users/ahmetozkan/Desktop/FMSS-PATIKA-IOS/BitirmeProject_FMSS_PATIKA/TravelGuideApp/TravelGuideApp/Resources/Assets.xcassets"; sourceTree = "<absolute>"; };
		4827614728E30FC700DFD0EC /* Base */ = {isa = PBXFileReference; lastKnownFileType = file.storyboard; name = Base; path = Base.lproj/LaunchScreen.storyboard; sourceTree = "<group>"; };
		4827614928E30FC700DFD0EC /* Info.plist */ = {isa = PBXFileReference; lastKnownFileType = text.plist.xml; path = Info.plist; sourceTree = "<group>"; };
		4827615528E31C3400DFD0EC /* TabBarViewController.swift */ = {isa = PBXFileReference; lastKnownFileType = sourcecode.swift; path = TabBarViewController.swift; sourceTree = "<group>"; };
		4827615C28E31CFD00DFD0EC /* HomeViewController.swift */ = {isa = PBXFileReference; lastKnownFileType = sourcecode.swift; path = HomeViewController.swift; sourceTree = "<group>"; };
		4827616028E31DB900DFD0EC /* HomeView.storyboard */ = {isa = PBXFileReference; lastKnownFileType = file.storyboard; path = HomeView.storyboard; sourceTree = "<group>"; };
		4827616328E3205B00DFD0EC /* TabBarView.storyboard */ = {isa = PBXFileReference; lastKnownFileType = file.storyboard; path = TabBarView.storyboard; sourceTree = "<group>"; };
		4827616D28E321A000DFD0EC /* BookmarksViewController.swift */ = {isa = PBXFileReference; lastKnownFileType = sourcecode.swift; path = BookmarksViewController.swift; sourceTree = "<group>"; };
		4827616F28E321B100DFD0EC /* BookmarksView.storyboard */ = {isa = PBXFileReference; lastKnownFileType = file.storyboard; path = BookmarksView.storyboard; sourceTree = "<group>"; };
		4827617128E321F400DFD0EC /* SearchView.storyboard */ = {isa = PBXFileReference; lastKnownFileType = file.storyboard; path = SearchView.storyboard; sourceTree = "<group>"; };
		4827617328E3221300DFD0EC /* SearchViewController.swift */ = {isa = PBXFileReference; lastKnownFileType = sourcecode.swift; path = SearchViewController.swift; sourceTree = "<group>"; };
		4830C21028EDA46B005CD309 /* SearchViewModel.swift */ = {isa = PBXFileReference; lastKnownFileType = sourcecode.swift; path = SearchViewModel.swift; sourceTree = "<group>"; };
		4875F93D28E9FFC900370A82 /* ArticleEntity.swift */ = {isa = PBXFileReference; lastKnownFileType = sourcecode.swift; path = ArticleEntity.swift; sourceTree = "<group>"; };
		4875F93F28E9FFFF00370A82 /* ArticleCellEntity.swift */ = {isa = PBXFileReference; lastKnownFileType = sourcecode.swift; path = ArticleCellEntity.swift; sourceTree = "<group>"; };
		4875F94328EA03BD00370A82 /* Constant.swift */ = {isa = PBXFileReference; lastKnownFileType = sourcecode.swift; path = Constant.swift; sourceTree = "<group>"; };
		4875F94528EA03CF00370A82 /* ServiceConstant.swift */ = {isa = PBXFileReference; lastKnownFileType = sourcecode.swift; path = ServiceConstant.swift; sourceTree = "<group>"; };
		48A3EC9128E8772F000AFB4C /* ListView.storyboard */ = {isa = PBXFileReference; lastKnownFileType = file.storyboard; path = ListView.storyboard; sourceTree = "<group>"; };
/* End PBXFileReference section */

/* Begin PBXFrameworksBuildPhase section */
		4827613228E30FC300DFD0EC /* Frameworks */ = {
			isa = PBXFrameworksBuildPhase;
			buildActionMask = 2147483647;
			files = (
				480891CD28EAD6BF000D7366 /* Kingfisher in Frameworks */,
				4818DDE128E781CC00A0F33F /* Alamofire in Frameworks */,
			);
			runOnlyForDeploymentPostprocessing = 0;
		};
/* End PBXFrameworksBuildPhase section */

/* Begin PBXGroup section */
		4806FF8828EF068000B31A72 /* CoreDataManager */ = {
			isa = PBXGroup;
			children = (
				4806FF8928EF06A100B31A72 /* CoreDataManager.swift */,
			);
			path = CoreDataManager;
			sourceTree = "<group>";
		};
		4806FF9128EF175200B31A72 /* Manager */ = {
			isa = PBXGroup;
			children = (
				4818DDDC28E7454300A0F33F /* ServiceManager */,
				4806FF8828EF068000B31A72 /* CoreDataManager */,
			);
			path = Manager;
			sourceTree = "<group>";
		};
		480891CE28EAD880000D7366 /* ArticleCollectionView */ = {
			isa = PBXGroup;
			children = (
				4818DDD128E702C900A0F33F /* ArticleCollectionViewCell */,
				480891CF28EAD8AD000D7366 /* ArticleCollectionView.swift */,
			);
			path = ArticleCollectionView;
			sourceTree = "<group>";
		};
		480891D128EADA75000D7366 /* DetailPage */ = {
			isa = PBXGroup;
			children = (
				48146B7A28EC993700C8400C /* Model */,
				480891D628EADACD000D7366 /* View */,
				48146B7728EC96D800C8400C /* ViewModel */,
			);
			path = DetailPage;
			sourceTree = "<group>";
		};
		480891D628EADACD000D7366 /* View */ = {
			isa = PBXGroup;
			children = (
				480891D228EADA9D000D7366 /* DetailViewController.swift */,
				480891D428EADABE000D7366 /* DetailView.storyboard */,
			);
			path = View;
			sourceTree = "<group>";
		};
		48146B6428EC171B00C8400C /* Hotels */ = {
			isa = PBXGroup;
			children = (
				48146B6A28EC17B900C8400C /* Model */,
				48146B6828EC17A500C8400C /* ViewModel */,
			);
			path = Hotels;
			sourceTree = "<group>";
		};
		48146B6628EC175500C8400C /* ViewModel */ = {
			isa = PBXGroup;
			children = (
				48146B8128ECAECD00C8400C /* FlightViewModel.swift */,
			);
			path = ViewModel;
			sourceTree = "<group>";
		};
		48146B6728EC175C00C8400C /* Model */ = {
			isa = PBXGroup;
			children = (
				48146B7D28EC9D3F00C8400C /* FlightModel.swift */,
				48146B7F28EC9D4C00C8400C /* FlightEntity.swift */,
			);
			path = Model;
			sourceTree = "<group>";
		};
		48146B6828EC17A500C8400C /* ViewModel */ = {
			isa = PBXGroup;
			children = (
				48146B6F28EC19B300C8400C /* HotelViewModel.swift */,
			);
			path = ViewModel;
			sourceTree = "<group>";
		};
		48146B6A28EC17B900C8400C /* Model */ = {
			isa = PBXGroup;
			children = (
				48146B6B28EC185100C8400C /* HotelModel.swift */,
				48146B6D28EC186300C8400C /* HotelEntity.swift */,
			);
			path = Model;
			sourceTree = "<group>";
		};
		48146B7728EC96D800C8400C /* ViewModel */ = {
			isa = PBXGroup;
			children = (
				48146B7828EC970200C8400C /* DetailViewModel.swift */,
			);
			path = ViewModel;
			sourceTree = "<group>";
		};
		48146B7A28EC993700C8400C /* Model */ = {
			isa = PBXGroup;
			children = (
				48146B7B28EC994600C8400C /* DetailEntity.swift */,
			);
			path = Model;
			sourceTree = "<group>";
		};
		4818DDD128E702C900A0F33F /* ArticleCollectionViewCell */ = {
			isa = PBXGroup;
			children = (
				4818DDD228E7030A00A0F33F /* ArticleCollectionViewCell.swift */,
				4818DDD328E7030A00A0F33F /* ArticleCollectionViewCell.xib */,
			);
			path = ArticleCollectionViewCell;
			sourceTree = "<group>";
		};
		4818DDDC28E7454300A0F33F /* ServiceManager */ = {
			isa = PBXGroup;
			children = (
				4818DDDD28E7455700A0F33F /* ServiceManager.swift */,
			);
			path = ServiceManager;
			sourceTree = "<group>";
		};
		4818DDE228E78CE200A0F33F /* ListPage */ = {
			isa = PBXGroup;
			children = (
				4818DDE528E78D1300A0F33F /* Model */,
				4818DDE428E78D0B00A0F33F /* View */,
				4818DDE328E78CFE00A0F33F /* ViewModel */,
			);
			path = ListPage;
			sourceTree = "<group>";
		};
		4818DDE328E78CFE00A0F33F /* ViewModel */ = {
			isa = PBXGroup;
			children = (
				48146B7328EC1EF800C8400C /* ListViewModel.swift */,
			);
			path = ViewModel;
			sourceTree = "<group>";
		};
		4818DDE428E78D0B00A0F33F /* View */ = {
			isa = PBXGroup;
			children = (
				4818DDE628E78D5D00A0F33F /* ListViewController.swift */,
				48A3EC9128E8772F000AFB4C /* ListView.storyboard */,
			);
			path = View;
			sourceTree = "<group>";
		};
		4818DDE528E78D1300A0F33F /* Model */ = {
			isa = PBXGroup;
			children = (
				48146B7528EC450F00C8400C /* ListEntity.swift */,
			);
			path = Model;
			sourceTree = "<group>";
		};
		4818DDEA28E78DBB00A0F33F /* Global */ = {
			isa = PBXGroup;
			children = (
				4818DDEB28E78DEC00A0F33F /* GlobalTableViewCell */,
			);
			path = Global;
			sourceTree = "<group>";
		};
		4818DDEB28E78DEC00A0F33F /* GlobalTableViewCell */ = {
			isa = PBXGroup;
			children = (
				4818DDEC28E78E8400A0F33F /* GlobalTableViewCell.swift */,
				4818DDED28E78E8400A0F33F /* GlobalTableViewCell.xib */,
			);
			path = GlobalTableViewCell;
			sourceTree = "<group>";
		};
		4827612C28E30FC300DFD0EC = {
			isa = PBXGroup;
			children = (
				4827613728E30FC300DFD0EC /* TravelGuideApp */,
				4827613628E30FC300DFD0EC /* Products */,
			);
			sourceTree = "<group>";
		};
		4827613628E30FC300DFD0EC /* Products */ = {
			isa = PBXGroup;
			children = (
				4827613528E30FC300DFD0EC /* TravelGuideApp.app */,
			);
			name = Products;
			sourceTree = "<group>";
		};
		4827613728E30FC300DFD0EC /* TravelGuideApp */ = {
			isa = PBXGroup;
			children = (
				4827615228E313CD00DFD0EC /* Screens */,
				4827615028E311C100DFD0EC /* Resources */,
				4827614F28E311AB00DFD0EC /* Application */,
			);
			path = TravelGuideApp;
			sourceTree = "<group>";
		};
		4827614F28E311AB00DFD0EC /* Application */ = {
			isa = PBXGroup;
			children = (
				4827613828E30FC300DFD0EC /* AppDelegate.swift */,
				4827613A28E30FC300DFD0EC /* SceneDelegate.swift */,
			);
			path = Application;
			sourceTree = "<group>";
		};
		4827615028E311C100DFD0EC /* Resources */ = {
			isa = PBXGroup;
			children = (
				4827614928E30FC700DFD0EC /* Info.plist */,
				4827614128E30FC300DFD0EC /* TravelGuideApp.xcdatamodeld */,
				4827614428E30FC700DFD0EC /* Assets.xcassets */,
			);
			path = Resources;
			sourceTree = "<group>";
		};
		4827615228E313CD00DFD0EC /* Screens */ = {
			isa = PBXGroup;
			children = (
				4806FF9128EF175200B31A72 /* Manager */,
				4875F94228EA03A700370A82 /* Constant */,
				4827617528E3234A00DFD0EC /* Launch */,
				4827615728E31C4900DFD0EC /* HomePages */,
			);
			path = Screens;
			sourceTree = "<group>";
		};
		4827615328E31BD500DFD0EC /* TabBar */ = {
			isa = PBXGroup;
			children = (
				4827615528E31C3400DFD0EC /* TabBarViewController.swift */,
				4827616328E3205B00DFD0EC /* TabBarView.storyboard */,
			);
			path = TabBar;
			sourceTree = "<group>";
		};
		4827615728E31C4900DFD0EC /* HomePages */ = {
			isa = PBXGroup;
			children = (
				48146B6428EC171B00C8400C /* Hotels */,
				48F7233828EB65B30098C7D8 /* Flights */,
				480891D128EADA75000D7366 /* DetailPage */,
				4818DDEA28E78DBB00A0F33F /* Global */,
				4818DDE228E78CE200A0F33F /* ListPage */,
				4827616228E31FCC00DFD0EC /* Home */,
				4827616628E3210600DFD0EC /* Bookmarks */,
				4827616528E320FD00DFD0EC /* Search */,
				4827615328E31BD500DFD0EC /* TabBar */,
			);
			path = HomePages;
			sourceTree = "<group>";
		};
		4827615828E31CC000DFD0EC /* View */ = {
			isa = PBXGroup;
			children = (
				480891CE28EAD880000D7366 /* ArticleCollectionView */,
				4827615C28E31CFD00DFD0EC /* HomeViewController.swift */,
				4827616028E31DB900DFD0EC /* HomeView.storyboard */,
			);
			path = View;
			sourceTree = "<group>";
		};
		4827615928E31CC600DFD0EC /* ViewModel */ = {
			isa = PBXGroup;
			children = (
				4818DDDA28E744FA00A0F33F /* HomeViewModel.swift */,
			);
			path = ViewModel;
			sourceTree = "<group>";
		};
		4827615A28E31CCF00DFD0EC /* Model */ = {
			isa = PBXGroup;
			children = (
				4875F94128EA000500370A82 /* Entity */,
				4818DDD628E744D400A0F33F /* HomeModel.swift */,
			);
			path = Model;
			sourceTree = "<group>";
		};
		4827616228E31FCC00DFD0EC /* Home */ = {
			isa = PBXGroup;
			children = (
				4827615A28E31CCF00DFD0EC /* Model */,
				4827615828E31CC000DFD0EC /* View */,
				4827615928E31CC600DFD0EC /* ViewModel */,
			);
			path = Home;
			sourceTree = "<group>";
		};
		4827616528E320FD00DFD0EC /* Search */ = {
			isa = PBXGroup;
			children = (
				4827616B28E3214F00DFD0EC /* View */,
				4827616A28E3214500DFD0EC /* ViewModel */,
			);
			path = Search;
			sourceTree = "<group>";
		};
		4827616628E3210600DFD0EC /* Bookmarks */ = {
			isa = PBXGroup;
			children = (
				4827616928E3213700DFD0EC /* Model */,
				4827616828E3213000DFD0EC /* View */,
				4827616728E3212700DFD0EC /* ViewModel */,
			);
			path = Bookmarks;
			sourceTree = "<group>";
		};
		4827616728E3212700DFD0EC /* ViewModel */ = {
			isa = PBXGroup;
			children = (
				4806FF8F28EF113A00B31A72 /* BookmarksViewModel.swift */,
			);
			path = ViewModel;
			sourceTree = "<group>";
		};
		4827616828E3213000DFD0EC /* View */ = {
			isa = PBXGroup;
			children = (
				4827616D28E321A000DFD0EC /* BookmarksViewController.swift */,
				4827616F28E321B100DFD0EC /* BookmarksView.storyboard */,
			);
			path = View;
			sourceTree = "<group>";
		};
		4827616928E3213700DFD0EC /* Model */ = {
			isa = PBXGroup;
			children = (
				4806FF8B28EF111E00B31A72 /* BookmarksEntity.swift */,
				4806FF8D28EF112D00B31A72 /* BookmarksModel.swift */,
			);
			path = Model;
			sourceTree = "<group>";
		};
		4827616A28E3214500DFD0EC /* ViewModel */ = {
			isa = PBXGroup;
			children = (
				4830C21028EDA46B005CD309 /* SearchViewModel.swift */,
			);
			path = ViewModel;
			sourceTree = "<group>";
		};
		4827616B28E3214F00DFD0EC /* View */ = {
			isa = PBXGroup;
			children = (
				4827617128E321F400DFD0EC /* SearchView.storyboard */,
				4827617328E3221300DFD0EC /* SearchViewController.swift */,
			);
			path = View;
			sourceTree = "<group>";
		};
		4827617528E3234A00DFD0EC /* Launch */ = {
			isa = PBXGroup;
			children = (
				4827614628E30FC700DFD0EC /* LaunchScreen.storyboard */,
			);
			path = Launch;
			sourceTree = "<group>";
		};
		4875F94128EA000500370A82 /* Entity */ = {
			isa = PBXGroup;
			children = (
				4875F93D28E9FFC900370A82 /* ArticleEntity.swift */,
				4875F93F28E9FFFF00370A82 /* ArticleCellEntity.swift */,
			);
			path = Entity;
			sourceTree = "<group>";
		};
		4875F94228EA03A700370A82 /* Constant */ = {
			isa = PBXGroup;
			children = (
				4875F94328EA03BD00370A82 /* Constant.swift */,
				4875F94528EA03CF00370A82 /* ServiceConstant.swift */,
				48146B7128EC1D3000C8400C /* ViewControllerConstant.swift */,
			);
			path = Constant;
			sourceTree = "<group>";
		};
		48F7233828EB65B30098C7D8 /* Flights */ = {
			isa = PBXGroup;
			children = (
				48146B6728EC175C00C8400C /* Model */,
				48146B6628EC175500C8400C /* ViewModel */,
			);
			path = Flights;
			sourceTree = "<group>";
		};
/* End PBXGroup section */

/* Begin PBXNativeTarget section */
		4827613428E30FC300DFD0EC /* TravelGuideApp */ = {
			isa = PBXNativeTarget;
			buildConfigurationList = 4827614C28E30FC700DFD0EC /* Build configuration list for PBXNativeTarget "TravelGuideApp" */;
			buildPhases = (
				4827613128E30FC300DFD0EC /* Sources */,
				4827613228E30FC300DFD0EC /* Frameworks */,
				4827613328E30FC300DFD0EC /* Resources */,
			);
			buildRules = (
			);
			dependencies = (
			);
			name = TravelGuideApp;
			packageProductDependencies = (
				4818DDE028E781CC00A0F33F /* Alamofire */,
				480891CC28EAD6BF000D7366 /* Kingfisher */,
			);
			productName = TravelGuideApp;
			productReference = 4827613528E30FC300DFD0EC /* TravelGuideApp.app */;
			productType = "com.apple.product-type.application";
		};
/* End PBXNativeTarget section */

/* Begin PBXProject section */
		4827612D28E30FC300DFD0EC /* Project object */ = {
			isa = PBXProject;
			attributes = {
				BuildIndependentTargetsInParallel = 1;
				LastSwiftUpdateCheck = 1320;
				LastUpgradeCheck = 1320;
				TargetAttributes = {
					4827613428E30FC300DFD0EC = {
						CreatedOnToolsVersion = 13.2.1;
					};
				};
			};
			buildConfigurationList = 4827613028E30FC300DFD0EC /* Build configuration list for PBXProject "TravelGuideApp" */;
			compatibilityVersion = "Xcode 13.0";
			developmentRegion = en;
			hasScannedForEncodings = 0;
			knownRegions = (
				en,
				Base,
			);
			mainGroup = 4827612C28E30FC300DFD0EC;
			packageReferences = (
				4818DDDF28E781CC00A0F33F /* XCRemoteSwiftPackageReference "Alamofire" */,
				480891CB28EAD6BF000D7366 /* XCRemoteSwiftPackageReference "Kingfisher" */,
			);
			productRefGroup = 4827613628E30FC300DFD0EC /* Products */;
			projectDirPath = "";
			projectRoot = "";
			targets = (
				4827613428E30FC300DFD0EC /* TravelGuideApp */,
			);
		};
/* End PBXProject section */

/* Begin PBXResourcesBuildPhase section */
		4827613328E30FC300DFD0EC /* Resources */ = {
			isa = PBXResourcesBuildPhase;
			buildActionMask = 2147483647;
			files = (
				4827616128E31DB900DFD0EC /* HomeView.storyboard in Resources */,
				4818DDEF28E78E8400A0F33F /* GlobalTableViewCell.xib in Resources */,
				4818DDD528E7030A00A0F33F /* ArticleCollectionViewCell.xib in Resources */,
				4827617228E321F400DFD0EC /* SearchView.storyboard in Resources */,
				48A3EC9228E8772F000AFB4C /* ListView.storyboard in Resources */,
				4827614828E30FC700DFD0EC /* LaunchScreen.storyboard in Resources */,
				4827614528E30FC700DFD0EC /* Assets.xcassets in Resources */,
				4827616428E3205B00DFD0EC /* TabBarView.storyboard in Resources */,
				480891D528EADABE000D7366 /* DetailView.storyboard in Resources */,
				4827617028E321B100DFD0EC /* BookmarksView.storyboard in Resources */,
			);
			runOnlyForDeploymentPostprocessing = 0;
		};
/* End PBXResourcesBuildPhase section */

/* Begin PBXSourcesBuildPhase section */
		4827613128E30FC300DFD0EC /* Sources */ = {
			isa = PBXSourcesBuildPhase;
			buildActionMask = 2147483647;
			files = (
				48146B6C28EC185100C8400C /* HotelModel.swift in Sources */,
				4875F94428EA03BD00370A82 /* Constant.swift in Sources */,
				4827616E28E321A000DFD0EC /* BookmarksViewController.swift in Sources */,
				48146B8028EC9D4C00C8400C /* FlightEntity.swift in Sources */,
				4818DDD728E744D400A0F33F /* HomeModel.swift in Sources */,
				4806FF8C28EF111E00B31A72 /* BookmarksEntity.swift in Sources */,
				4875F94028E9FFFF00370A82 /* ArticleCellEntity.swift in Sources */,
				48146B8228ECAECD00C8400C /* FlightViewModel.swift in Sources */,
				4827617428E3221300DFD0EC /* SearchViewController.swift in Sources */,
				48146B6E28EC186300C8400C /* HotelEntity.swift in Sources */,
				48146B7628EC450F00C8400C /* ListEntity.swift in Sources */,
				4875F93E28E9FFC900370A82 /* ArticleEntity.swift in Sources */,
				48146B7928EC970200C8400C /* DetailViewModel.swift in Sources */,
				4827615E28E31CFD00DFD0EC /* HomeViewController.swift in Sources */,
				48146B7028EC19B300C8400C /* HotelViewModel.swift in Sources */,
				4806FF8A28EF06A100B31A72 /* CoreDataManager.swift in Sources */,
				4827615628E31C3400DFD0EC /* TabBarViewController.swift in Sources */,
				4827614328E30FC300DFD0EC /* TravelGuideApp.xcdatamodeld in Sources */,
				4818DDDB28E744FA00A0F33F /* HomeViewModel.swift in Sources */,
				480891D328EADA9D000D7366 /* DetailViewController.swift in Sources */,
				48146B7C28EC994600C8400C /* DetailEntity.swift in Sources */,
				4806FF9028EF113A00B31A72 /* BookmarksViewModel.swift in Sources */,
				4806FF8E28EF112D00B31A72 /* BookmarksModel.swift in Sources */,
				48146B7428EC1EF800C8400C /* ListViewModel.swift in Sources */,
				4818DDEE28E78E8400A0F33F /* GlobalTableViewCell.swift in Sources */,
				4818DDD428E7030A00A0F33F /* ArticleCollectionViewCell.swift in Sources */,
				4827613928E30FC300DFD0EC /* AppDelegate.swift in Sources */,
				4827613B28E30FC300DFD0EC /* SceneDelegate.swift in Sources */,
				4830C21128EDA46C005CD309 /* SearchViewModel.swift in Sources */,
				4818DDE728E78D5D00A0F33F /* ListViewController.swift in Sources */,
				4818DDDE28E7455700A0F33F /* ServiceManager.swift in Sources */,
				48146B7228EC1D3000C8400C /* ViewControllerConstant.swift in Sources */,
				4875F94628EA03CF00370A82 /* ServiceConstant.swift in Sources */,
				480891D028EAD8AD000D7366 /* ArticleCollectionView.swift in Sources */,
				48146B7E28EC9D3F00C8400C /* FlightModel.swift in Sources */,
			);
			runOnlyForDeploymentPostprocessing = 0;
		};
/* End PBXSourcesBuildPhase section */

/* Begin PBXVariantGroup section */
		4827614628E30FC700DFD0EC /* LaunchScreen.storyboard */ = {
			isa = PBXVariantGroup;
			children = (
				4827614728E30FC700DFD0EC /* Base */,
			);
			name = LaunchScreen.storyboard;
			sourceTree = "<group>";
		};
/* End PBXVariantGroup section */

/* Begin XCBuildConfiguration section */
		4827614A28E30FC700DFD0EC /* Debug */ = {
			isa = XCBuildConfiguration;
			buildSettings = {
				ALWAYS_SEARCH_USER_PATHS = NO;
				CLANG_ANALYZER_NONNULL = YES;
				CLANG_ANALYZER_NUMBER_OBJECT_CONVERSION = YES_AGGRESSIVE;
				CLANG_CXX_LANGUAGE_STANDARD = "gnu++17";
				CLANG_CXX_LIBRARY = "libc++";
				CLANG_ENABLE_MODULES = YES;
				CLANG_ENABLE_OBJC_ARC = YES;
				CLANG_ENABLE_OBJC_WEAK = YES;
				CLANG_WARN_BLOCK_CAPTURE_AUTORELEASING = YES;
				CLANG_WARN_BOOL_CONVERSION = YES;
				CLANG_WARN_COMMA = YES;
				CLANG_WARN_CONSTANT_CONVERSION = YES;
				CLANG_WARN_DEPRECATED_OBJC_IMPLEMENTATIONS = YES;
				CLANG_WARN_DIRECT_OBJC_ISA_USAGE = YES_ERROR;
				CLANG_WARN_DOCUMENTATION_COMMENTS = YES;
				CLANG_WARN_EMPTY_BODY = YES;
				CLANG_WARN_ENUM_CONVERSION = YES;
				CLANG_WARN_INFINITE_RECURSION = YES;
				CLANG_WARN_INT_CONVERSION = YES;
				CLANG_WARN_NON_LITERAL_NULL_CONVERSION = YES;
				CLANG_WARN_OBJC_IMPLICIT_RETAIN_SELF = YES;
				CLANG_WARN_OBJC_LITERAL_CONVERSION = YES;
				CLANG_WARN_OBJC_ROOT_CLASS = YES_ERROR;
				CLANG_WARN_QUOTED_INCLUDE_IN_FRAMEWORK_HEADER = YES;
				CLANG_WARN_RANGE_LOOP_ANALYSIS = YES;
				CLANG_WARN_STRICT_PROTOTYPES = YES;
				CLANG_WARN_SUSPICIOUS_MOVE = YES;
				CLANG_WARN_UNGUARDED_AVAILABILITY = YES_AGGRESSIVE;
				CLANG_WARN_UNREACHABLE_CODE = YES;
				CLANG_WARN__DUPLICATE_METHOD_MATCH = YES;
				COPY_PHASE_STRIP = NO;
				DEBUG_INFORMATION_FORMAT = dwarf;
				ENABLE_STRICT_OBJC_MSGSEND = YES;
				ENABLE_TESTABILITY = YES;
				GCC_C_LANGUAGE_STANDARD = gnu11;
				GCC_DYNAMIC_NO_PIC = NO;
				GCC_NO_COMMON_BLOCKS = YES;
				GCC_OPTIMIZATION_LEVEL = 0;
				GCC_PREPROCESSOR_DEFINITIONS = (
					"DEBUG=1",
					"$(inherited)",
				);
				GCC_WARN_64_TO_32_BIT_CONVERSION = YES;
				GCC_WARN_ABOUT_RETURN_TYPE = YES_ERROR;
				GCC_WARN_UNDECLARED_SELECTOR = YES;
				GCC_WARN_UNINITIALIZED_AUTOS = YES_AGGRESSIVE;
				GCC_WARN_UNUSED_FUNCTION = YES;
				GCC_WARN_UNUSED_VARIABLE = YES;
				IPHONEOS_DEPLOYMENT_TARGET = 15.2;
				MTL_ENABLE_DEBUG_INFO = INCLUDE_SOURCE;
				MTL_FAST_MATH = YES;
				ONLY_ACTIVE_ARCH = YES;
				SDKROOT = iphoneos;
				SWIFT_ACTIVE_COMPILATION_CONDITIONS = DEBUG;
				SWIFT_OPTIMIZATION_LEVEL = "-Onone";
			};
			name = Debug;
		};
		4827614B28E30FC700DFD0EC /* Release */ = {
			isa = XCBuildConfiguration;
			buildSettings = {
				ALWAYS_SEARCH_USER_PATHS = NO;
				CLANG_ANALYZER_NONNULL = YES;
				CLANG_ANALYZER_NUMBER_OBJECT_CONVERSION = YES_AGGRESSIVE;
				CLANG_CXX_LANGUAGE_STANDARD = "gnu++17";
				CLANG_CXX_LIBRARY = "libc++";
				CLANG_ENABLE_MODULES = YES;
				CLANG_ENABLE_OBJC_ARC = YES;
				CLANG_ENABLE_OBJC_WEAK = YES;
				CLANG_WARN_BLOCK_CAPTURE_AUTORELEASING = YES;
				CLANG_WARN_BOOL_CONVERSION = YES;
				CLANG_WARN_COMMA = YES;
				CLANG_WARN_CONSTANT_CONVERSION = YES;
				CLANG_WARN_DEPRECATED_OBJC_IMPLEMENTATIONS = YES;
				CLANG_WARN_DIRECT_OBJC_ISA_USAGE = YES_ERROR;
				CLANG_WARN_DOCUMENTATION_COMMENTS = YES;
				CLANG_WARN_EMPTY_BODY = YES;
				CLANG_WARN_ENUM_CONVERSION = YES;
				CLANG_WARN_INFINITE_RECURSION = YES;
				CLANG_WARN_INT_CONVERSION = YES;
				CLANG_WARN_NON_LITERAL_NULL_CONVERSION = YES;
				CLANG_WARN_OBJC_IMPLICIT_RETAIN_SELF = YES;
				CLANG_WARN_OBJC_LITERAL_CONVERSION = YES;
				CLANG_WARN_OBJC_ROOT_CLASS = YES_ERROR;
				CLANG_WARN_QUOTED_INCLUDE_IN_FRAMEWORK_HEADER = YES;
				CLANG_WARN_RANGE_LOOP_ANALYSIS = YES;
				CLANG_WARN_STRICT_PROTOTYPES = YES;
				CLANG_WARN_SUSPICIOUS_MOVE = YES;
				CLANG_WARN_UNGUARDED_AVAILABILITY = YES_AGGRESSIVE;
				CLANG_WARN_UNREACHABLE_CODE = YES;
				CLANG_WARN__DUPLICATE_METHOD_MATCH = YES;
				COPY_PHASE_STRIP = NO;
				DEBUG_INFORMATION_FORMAT = "dwarf-with-dsym";
				ENABLE_NS_ASSERTIONS = NO;
				ENABLE_STRICT_OBJC_MSGSEND = YES;
				GCC_C_LANGUAGE_STANDARD = gnu11;
				GCC_NO_COMMON_BLOCKS = YES;
				GCC_WARN_64_TO_32_BIT_CONVERSION = YES;
				GCC_WARN_ABOUT_RETURN_TYPE = YES_ERROR;
				GCC_WARN_UNDECLARED_SELECTOR = YES;
				GCC_WARN_UNINITIALIZED_AUTOS = YES_AGGRESSIVE;
				GCC_WARN_UNUSED_FUNCTION = YES;
				GCC_WARN_UNUSED_VARIABLE = YES;
				IPHONEOS_DEPLOYMENT_TARGET = 15.2;
				MTL_ENABLE_DEBUG_INFO = NO;
				MTL_FAST_MATH = YES;
				SDKROOT = iphoneos;
				SWIFT_COMPILATION_MODE = wholemodule;
				SWIFT_OPTIMIZATION_LEVEL = "-O";
				VALIDATE_PRODUCT = YES;
			};
			name = Release;
		};
		4827614D28E30FC700DFD0EC /* Debug */ = {
			isa = XCBuildConfiguration;
			buildSettings = {
				ASSETCATALOG_COMPILER_APPICON_NAME = AppIcon;
				ASSETCATALOG_COMPILER_GLOBAL_ACCENT_COLOR_NAME = AccentColor;
				CODE_SIGN_STYLE = Automatic;
				CURRENT_PROJECT_VERSION = 1;
				DEVELOPMENT_TEAM = FPYTGW2S6P;
				GENERATE_INFOPLIST_FILE = YES;
				INFOPLIST_FILE = TravelGuideApp/Resources/Info.plist;
				INFOPLIST_KEY_UIApplicationSupportsIndirectInputEvents = YES;
				INFOPLIST_KEY_UILaunchStoryboardName = LaunchScreen;
				INFOPLIST_KEY_UIMainStoryboardFile = "";
				INFOPLIST_KEY_UISupportedInterfaceOrientations_iPad = "UIInterfaceOrientationPortrait UIInterfaceOrientationPortraitUpsideDown UIInterfaceOrientationLandscapeLeft UIInterfaceOrientationLandscapeRight";
				INFOPLIST_KEY_UISupportedInterfaceOrientations_iPhone = "UIInterfaceOrientationPortrait UIInterfaceOrientationLandscapeLeft UIInterfaceOrientationLandscapeRight";
				IPHONEOS_DEPLOYMENT_TARGET = 15.2;
				LD_RUNPATH_SEARCH_PATHS = (
					"$(inherited)",
					"@executable_path/Frameworks",
				);
				MARKETING_VERSION = 1.0;
				PRODUCT_BUNDLE_IDENTIFIER = ahmetozkanio.TravelGuideApp;
				PRODUCT_NAME = "$(TARGET_NAME)";
				SWIFT_EMIT_LOC_STRINGS = YES;
				SWIFT_VERSION = 5.0;
				TARGETED_DEVICE_FAMILY = "1,2";
			};
			name = Debug;
		};
		4827614E28E30FC700DFD0EC /* Release */ = {
			isa = XCBuildConfiguration;
			buildSettings = {
				ASSETCATALOG_COMPILER_APPICON_NAME = AppIcon;
				ASSETCATALOG_COMPILER_GLOBAL_ACCENT_COLOR_NAME = AccentColor;
				CODE_SIGN_STYLE = Automatic;
				CURRENT_PROJECT_VERSION = 1;
				DEVELOPMENT_TEAM = FPYTGW2S6P;
				GENERATE_INFOPLIST_FILE = YES;
				INFOPLIST_FILE = TravelGuideApp/Resources/Info.plist;
				INFOPLIST_KEY_UIApplicationSupportsIndirectInputEvents = YES;
				INFOPLIST_KEY_UILaunchStoryboardName = LaunchScreen;
				INFOPLIST_KEY_UIMainStoryboardFile = "";
				INFOPLIST_KEY_UISupportedInterfaceOrientations_iPad = "UIInterfaceOrientationPortrait UIInterfaceOrientationPortraitUpsideDown UIInterfaceOrientationLandscapeLeft UIInterfaceOrientationLandscapeRight";
				INFOPLIST_KEY_UISupportedInterfaceOrientations_iPhone = "UIInterfaceOrientationPortrait UIInterfaceOrientationLandscapeLeft UIInterfaceOrientationLandscapeRight";
				IPHONEOS_DEPLOYMENT_TARGET = 15.2;
				LD_RUNPATH_SEARCH_PATHS = (
					"$(inherited)",
					"@executable_path/Frameworks",
				);
				MARKETING_VERSION = 1.0;
				PRODUCT_BUNDLE_IDENTIFIER = ahmetozkanio.TravelGuideApp;
				PRODUCT_NAME = "$(TARGET_NAME)";
				SWIFT_EMIT_LOC_STRINGS = YES;
				SWIFT_VERSION = 5.0;
				TARGETED_DEVICE_FAMILY = "1,2";
			};
			name = Release;
		};
/* End XCBuildConfiguration section */

/* Begin XCConfigurationList section */
		4827613028E30FC300DFD0EC /* Build configuration list for PBXProject "TravelGuideApp" */ = {
			isa = XCConfigurationList;
			buildConfigurations = (
				4827614A28E30FC700DFD0EC /* Debug */,
				4827614B28E30FC700DFD0EC /* Release */,
			);
			defaultConfigurationIsVisible = 0;
			defaultConfigurationName = Release;
		};
		4827614C28E30FC700DFD0EC /* Build configuration list for PBXNativeTarget "TravelGuideApp" */ = {
			isa = XCConfigurationList;
			buildConfigurations = (
				4827614D28E30FC700DFD0EC /* Debug */,
				4827614E28E30FC700DFD0EC /* Release */,
			);
			defaultConfigurationIsVisible = 0;
			defaultConfigurationName = Release;
		};
/* End XCConfigurationList section */

/* Begin XCRemoteSwiftPackageReference section */
		480891CB28EAD6BF000D7366 /* XCRemoteSwiftPackageReference "Kingfisher" */ = {
			isa = XCRemoteSwiftPackageReference;
			repositoryURL = "https://github.com/onevcat/Kingfisher";
			requirement = {
				kind = upToNextMajorVersion;
				minimumVersion = 7.0.0;
			};
		};
		4818DDDF28E781CC00A0F33F /* XCRemoteSwiftPackageReference "Alamofire" */ = {
			isa = XCRemoteSwiftPackageReference;
			repositoryURL = "https://github.com/Alamofire/Alamofire.git";
			requirement = {
				kind = upToNextMajorVersion;
				minimumVersion = 5.0.0;
			};
		};
/* End XCRemoteSwiftPackageReference section */

/* Begin XCSwiftPackageProductDependency section */
		480891CC28EAD6BF000D7366 /* Kingfisher */ = {
			isa = XCSwiftPackageProductDependency;
			package = 480891CB28EAD6BF000D7366 /* XCRemoteSwiftPackageReference "Kingfisher" */;
			productName = Kingfisher;
		};
		4818DDE028E781CC00A0F33F /* Alamofire */ = {
			isa = XCSwiftPackageProductDependency;
			package = 4818DDDF28E781CC00A0F33F /* XCRemoteSwiftPackageReference "Alamofire" */;
			productName = Alamofire;
		};
/* End XCSwiftPackageProductDependency section */

/* Begin XCVersionGroup section */
		4827614128E30FC300DFD0EC /* TravelGuideApp.xcdatamodeld */ = {
			isa = XCVersionGroup;
			children = (
				4827614228E30FC300DFD0EC /* TravelGuideApp.xcdatamodel */,
			);
			currentVersion = 4827614228E30FC300DFD0EC /* TravelGuideApp.xcdatamodel */;
			path = TravelGuideApp.xcdatamodeld;
			sourceTree = "<group>";
			versionGroupType = wrapper.xcdatamodel;
		};
/* End XCVersionGroup section */
	};
	rootObject = 4827612D28E30FC300DFD0EC /* Project object */;
}
